
Microsoft Visual Studio Solution File, Format Version 12.00
# Visual Studio 2012
Project("{FAE04EC0-301F-11D3-BF4B-00C04F79EFBC}") = "Senty", "Senty\Senty.csproj", "{994D436E-0CA5-43E9-AF60-E1F8E8CE8787}"
EndProject
Global
	GlobalSection(SolutionConfigurationPlatforms) = preSolution
		Debug|Any CPU = Debug|Any CPU
		Release|Any CPU = Release|Any CPU
	EndGlobalSection
	GlobalSection(ProjectConfigurationPlatforms) = postSolution
		{994D436E-0CA5-43E9-AF60-E1F8E8CE8787}.Debug|Any CPU.ActiveCfg = Debug|Any CPU
		{994D436E-0CA5-43E9-AF60-E1F8E8CE8787}.Debug|Any CPU.Build.0 = Debug|Any CPU
		{994D436E-0CA5-43E9-AF60-E1F8E8CE8787}.Release|Any CPU.ActiveCfg = Release|Any CPU
		{994D436E-0CA5-43E9-AF60-E1F8E8CE8787}.Release|Any CPU.Build.0 = Release|Any CPU
	EndGlobalSection
	GlobalSection(SolutionProperties) = preSolution
		HideSolutionNode = FALSE
	EndGlobalSection
	GlobalSection(ExtensibilityGlobals) = postSolution
		VisualSVNWorkingCopyRoot = .
	EndGlobalSection
EndGlobal
